// !$*UTF8*$!
{
	archiveVersion = 1;
	classes = {
	};
	objectVersion = 52;
	objects = {

/* Begin PBXBuildFile section */
		3805093026F8B1BB00E3A84C /* TunerAppApp.swift in Sources */ = {isa = PBXBuildFile; fileRef = 3805092F26F8B1BB00E3A84C /* TunerAppApp.swift */; };
		3805093226F8B1BB00E3A84C /* ContentView.swift in Sources */ = {isa = PBXBuildFile; fileRef = 3805093126F8B1BB00E3A84C /* ContentView.swift */; };
		3805093426F8B1BD00E3A84C /* Assets.xcassets in Resources */ = {isa = PBXBuildFile; fileRef = 3805093326F8B1BD00E3A84C /* Assets.xcassets */; };
		3805093726F8B1BD00E3A84C /* Preview Assets.xcassets in Resources */ = {isa = PBXBuildFile; fileRef = 3805093626F8B1BD00E3A84C /* Preview Assets.xcassets */; };
		3805094226F8B1BD00E3A84C /* TunerAppTests.swift in Sources */ = {isa = PBXBuildFile; fileRef = 3805094126F8B1BD00E3A84C /* TunerAppTests.swift */; };
		3805094D26F8B1BD00E3A84C /* TunerAppUITests.swift in Sources */ = {isa = PBXBuildFile; fileRef = 3805094C26F8B1BD00E3A84C /* TunerAppUITests.swift */; };
		3805095F26F8B1E000E3A84C /* SoundpipeAudioKit in Frameworks */ = {isa = PBXBuildFile; productRef = 3805095E26F8B1E000E3A84C /* SoundpipeAudioKit */; };
		384C884626FB1CB400305668 /* Tuner.swift in Sources */ = {isa = PBXBuildFile; fileRef = 384C884526FB1CB400305668 /* Tuner.swift */; };
		384C884B26FB211A00305668 /* Pitch.swift in Sources */ = {isa = PBXBuildFile; fileRef = 384C884A26FB211A00305668 /* Pitch.swift */; };
		385E052A26FB738400C58933 /* Pitch.swift in Sources */ = {isa = PBXBuildFile; fileRef = 384C884A26FB211A00305668 /* Pitch.swift */; };
/* End PBXBuildFile section */

/* Begin PBXContainerItemProxy section */
		3805093E26F8B1BD00E3A84C /* PBXContainerItemProxy */ = {
			isa = PBXContainerItemProxy;
			containerPortal = 3805092426F8B1BB00E3A84C /* Project object */;
			proxyType = 1;
			remoteGlobalIDString = 3805092B26F8B1BB00E3A84C;
			remoteInfo = TunerApp;
		};
		3805094926F8B1BD00E3A84C /* PBXContainerItemProxy */ = {
			isa = PBXContainerItemProxy;
			containerPortal = 3805092426F8B1BB00E3A84C /* Project object */;
			proxyType = 1;
			remoteGlobalIDString = 3805092B26F8B1BB00E3A84C;
			remoteInfo = TunerApp;
		};
/* End PBXContainerItemProxy section */

/* Begin PBXFileReference section */
		3805092C26F8B1BB00E3A84C /* TunerApp.app */ = {isa = PBXFileReference; explicitFileType = wrapper.application; includeInIndex = 0; path = TunerApp.app; sourceTree = BUILT_PRODUCTS_DIR; };
		3805092F26F8B1BB00E3A84C /* TunerAppApp.swift */ = {isa = PBXFileReference; lastKnownFileType = sourcecode.swift; path = TunerAppApp.swift; sourceTree = "<group>"; };
		3805093126F8B1BB00E3A84C /* ContentView.swift */ = {isa = PBXFileReference; lastKnownFileType = sourcecode.swift; path = ContentView.swift; sourceTree = "<group>"; };
		3805093326F8B1BD00E3A84C /* Assets.xcassets */ = {isa = PBXFileReference; lastKnownFileType = folder.assetcatalog; path = Assets.xcassets; sourceTree = "<group>"; };
		3805093626F8B1BD00E3A84C /* Preview Assets.xcassets */ = {isa = PBXFileReference; lastKnownFileType = folder.assetcatalog; path = "Preview Assets.xcassets"; sourceTree = "<group>"; };
		3805093826F8B1BD00E3A84C /* Info.plist */ = {isa = PBXFileReference; lastKnownFileType = text.plist.xml; path = Info.plist; sourceTree = "<group>"; };
		3805093D26F8B1BD00E3A84C /* TunerAppTests.xctest */ = {isa = PBXFileReference; explicitFileType = wrapper.cfbundle; includeInIndex = 0; path = TunerAppTests.xctest; sourceTree = BUILT_PRODUCTS_DIR; };
		3805094126F8B1BD00E3A84C /* TunerAppTests.swift */ = {isa = PBXFileReference; lastKnownFileType = sourcecode.swift; path = TunerAppTests.swift; sourceTree = "<group>"; };
		3805094326F8B1BD00E3A84C /* Info.plist */ = {isa = PBXFileReference; lastKnownFileType = text.plist.xml; path = Info.plist; sourceTree = "<group>"; };
		3805094826F8B1BD00E3A84C /* TunerAppUITests.xctest */ = {isa = PBXFileReference; explicitFileType = wrapper.cfbundle; includeInIndex = 0; path = TunerAppUITests.xctest; sourceTree = BUILT_PRODUCTS_DIR; };
		3805094C26F8B1BD00E3A84C /* TunerAppUITests.swift */ = {isa = PBXFileReference; lastKnownFileType = sourcecode.swift; path = TunerAppUITests.swift; sourceTree = "<group>"; };
		3805094E26F8B1BD00E3A84C /* Info.plist */ = {isa = PBXFileReference; lastKnownFileType = text.plist.xml; path = Info.plist; sourceTree = "<group>"; };
		384C884526FB1CB400305668 /* Tuner.swift */ = {isa = PBXFileReference; lastKnownFileType = sourcecode.swift; path = Tuner.swift; sourceTree = "<group>"; };
		384C884A26FB211A00305668 /* Pitch.swift */ = {isa = PBXFileReference; lastKnownFileType = sourcecode.swift; path = Pitch.swift; sourceTree = "<group>"; };
/* End PBXFileReference section */

/* Begin PBXFrameworksBuildPhase section */
		3805092926F8B1BB00E3A84C /* Frameworks */ = {
			isa = PBXFrameworksBuildPhase;
			buildActionMask = 2147483647;
			files = (
				3805095F26F8B1E000E3A84C /* SoundpipeAudioKit in Frameworks */,
			);
			runOnlyForDeploymentPostprocessing = 0;
		};
		3805093A26F8B1BD00E3A84C /* Frameworks */ = {
			isa = PBXFrameworksBuildPhase;
			buildActionMask = 2147483647;
			files = (
			);
			runOnlyForDeploymentPostprocessing = 0;
		};
		3805094526F8B1BD00E3A84C /* Frameworks */ = {
			isa = PBXFrameworksBuildPhase;
			buildActionMask = 2147483647;
			files = (
			);
			runOnlyForDeploymentPostprocessing = 0;
		};
/* End PBXFrameworksBuildPhase section */

/* Begin PBXGroup section */
		3805092326F8B1BB00E3A84C = {
			isa = PBXGroup;
			children = (
				3805092E26F8B1BB00E3A84C /* TunerApp */,
				3805094026F8B1BD00E3A84C /* TunerAppTests */,
				3805094B26F8B1BD00E3A84C /* TunerAppUITests */,
				3805092D26F8B1BB00E3A84C /* Products */,
			);
			sourceTree = "<group>";
		};
		3805092D26F8B1BB00E3A84C /* Products */ = {
			isa = PBXGroup;
			children = (
				3805092C26F8B1BB00E3A84C /* TunerApp.app */,
				3805093D26F8B1BD00E3A84C /* TunerAppTests.xctest */,
				3805094826F8B1BD00E3A84C /* TunerAppUITests.xctest */,
			);
			name = Products;
			sourceTree = "<group>";
		};
		3805092E26F8B1BB00E3A84C /* TunerApp */ = {
			isa = PBXGroup;
			children = (
				3805092F26F8B1BB00E3A84C /* TunerAppApp.swift */,
				3805093126F8B1BB00E3A84C /* ContentView.swift */,
				3805093326F8B1BD00E3A84C /* Assets.xcassets */,
				3805093826F8B1BD00E3A84C /* Info.plist */,
				3805093526F8B1BD00E3A84C /* Preview Content */,
				384C884526FB1CB400305668 /* Tuner.swift */,
				384C884A26FB211A00305668 /* Pitch.swift */,
			);
			path = TunerApp;
			sourceTree = "<group>";
		};
		3805093526F8B1BD00E3A84C /* Preview Content */ = {
			isa = PBXGroup;
			children = (
				3805093626F8B1BD00E3A84C /* Preview Assets.xcassets */,
			);
			path = "Preview Content";
			sourceTree = "<group>";
		};
		3805094026F8B1BD00E3A84C /* TunerAppTests */ = {
			isa = PBXGroup;
			children = (
				3805094126F8B1BD00E3A84C /* TunerAppTests.swift */,
				3805094326F8B1BD00E3A84C /* Info.plist */,
			);
			path = TunerAppTests;
			sourceTree = "<group>";
		};
		3805094B26F8B1BD00E3A84C /* TunerAppUITests */ = {
			isa = PBXGroup;
			children = (
				3805094C26F8B1BD00E3A84C /* TunerAppUITests.swift */,
				3805094E26F8B1BD00E3A84C /* Info.plist */,
			);
			path = TunerAppUITests;
			sourceTree = "<group>";
		};
/* End PBXGroup section */

/* Begin PBXNativeTarget section */
		3805092B26F8B1BB00E3A84C /* TunerApp */ = {
			isa = PBXNativeTarget;
			buildConfigurationList = 3805095126F8B1BD00E3A84C /* Build configuration list for PBXNativeTarget "TunerApp" */;
			buildPhases = (
				3805092826F8B1BB00E3A84C /* Sources */,
				3805092926F8B1BB00E3A84C /* Frameworks */,
				3805092A26F8B1BB00E3A84C /* Resources */,
			);
			buildRules = (
			);
			dependencies = (
			);
			name = TunerApp;
			packageProductDependencies = (
				3805095E26F8B1E000E3A84C /* SoundpipeAudioKit */,
			);
			productName = TunerApp;
			productReference = 3805092C26F8B1BB00E3A84C /* TunerApp.app */;
			productType = "com.apple.product-type.application";
		};
		3805093C26F8B1BD00E3A84C /* TunerAppTests */ = {
			isa = PBXNativeTarget;
			buildConfigurationList = 3805095426F8B1BD00E3A84C /* Build configuration list for PBXNativeTarget "TunerAppTests" */;
			buildPhases = (
				3805093926F8B1BD00E3A84C /* Sources */,
				3805093A26F8B1BD00E3A84C /* Frameworks */,
				3805093B26F8B1BD00E3A84C /* Resources */,
			);
			buildRules = (
			);
			dependencies = (
				3805093F26F8B1BD00E3A84C /* PBXTargetDependency */,
			);
			name = TunerAppTests;
			productName = TunerAppTests;
			productReference = 3805093D26F8B1BD00E3A84C /* TunerAppTests.xctest */;
			productType = "com.apple.product-type.bundle.unit-test";
		};
		3805094726F8B1BD00E3A84C /* TunerAppUITests */ = {
			isa = PBXNativeTarget;
			buildConfigurationList = 3805095726F8B1BD00E3A84C /* Build configuration list for PBXNativeTarget "TunerAppUITests" */;
			buildPhases = (
				3805094426F8B1BD00E3A84C /* Sources */,
				3805094526F8B1BD00E3A84C /* Frameworks */,
				3805094626F8B1BD00E3A84C /* Resources */,
			);
			buildRules = (
			);
			dependencies = (
				3805094A26F8B1BD00E3A84C /* PBXTargetDependency */,
			);
			name = TunerAppUITests;
			productName = TunerAppUITests;
			productReference = 3805094826F8B1BD00E3A84C /* TunerAppUITests.xctest */;
			productType = "com.apple.product-type.bundle.ui-testing";
		};
/* End PBXNativeTarget section */

/* Begin PBXProject section */
		3805092426F8B1BB00E3A84C /* Project object */ = {
			isa = PBXProject;
			attributes = {
				LastSwiftUpdateCheck = 1240;
				LastUpgradeCheck = 1240;
				TargetAttributes = {
					3805092B26F8B1BB00E3A84C = {
						CreatedOnToolsVersion = 12.4;
					};
					3805093C26F8B1BD00E3A84C = {
						CreatedOnToolsVersion = 12.4;
						TestTargetID = 3805092B26F8B1BB00E3A84C;
					};
					3805094726F8B1BD00E3A84C = {
						CreatedOnToolsVersion = 12.4;
						TestTargetID = 3805092B26F8B1BB00E3A84C;
					};
				};
			};
			buildConfigurationList = 3805092726F8B1BB00E3A84C /* Build configuration list for PBXProject "TunerApp" */;
			compatibilityVersion = "Xcode 9.3";
			developmentRegion = en;
			hasScannedForEncodings = 0;
			knownRegions = (
				en,
				Base,
			);
			mainGroup = 3805092326F8B1BB00E3A84C;
			packageReferences = (
				3805095D26F8B1E000E3A84C /* XCRemoteSwiftPackageReference "SoundpipeAudioKit" */,
			);
			productRefGroup = 3805092D26F8B1BB00E3A84C /* Products */;
			projectDirPath = "";
			projectRoot = "";
			targets = (
				3805092B26F8B1BB00E3A84C /* TunerApp */,
				3805093C26F8B1BD00E3A84C /* TunerAppTests */,
				3805094726F8B1BD00E3A84C /* TunerAppUITests */,
			);
		};
/* End PBXProject section */

/* Begin PBXResourcesBuildPhase section */
		3805092A26F8B1BB00E3A84C /* Resources */ = {
			isa = PBXResourcesBuildPhase;
			buildActionMask = 2147483647;
			files = (
				3805093726F8B1BD00E3A84C /* Preview Assets.xcassets in Resources */,
				3805093426F8B1BD00E3A84C /* Assets.xcassets in Resources */,
			);
			runOnlyForDeploymentPostprocessing = 0;
		};
		3805093B26F8B1BD00E3A84C /* Resources */ = {
			isa = PBXResourcesBuildPhase;
			buildActionMask = 2147483647;
			files = (
			);
			runOnlyForDeploymentPostprocessing = 0;
		};
		3805094626F8B1BD00E3A84C /* Resources */ = {
			isa = PBXResourcesBuildPhase;
			buildActionMask = 2147483647;
			files = (
			);
			runOnlyForDeploymentPostprocessing = 0;
		};
/* End PBXResourcesBuildPhase section */

/* Begin PBXSourcesBuildPhase section */
		3805092826F8B1BB00E3A84C /* Sources */ = {
			isa = PBXSourcesBuildPhase;
			buildActionMask = 2147483647;
			files = (
				3805093226F8B1BB00E3A84C /* ContentView.swift in Sources */,
				384C884626FB1CB400305668 /* Tuner.swift in Sources */,
				384C884B26FB211A00305668 /* Pitch.swift in Sources */,
				3805093026F8B1BB00E3A84C /* TunerAppApp.swift in Sources */,
			);
			runOnlyForDeploymentPostprocessing = 0;
		};
		3805093926F8B1BD00E3A84C /* Sources */ = {
			isa = PBXSourcesBuildPhase;
			buildActionMask = 2147483647;
			files = (
				385E052A26FB738400C58933 /* Pitch.swift in Sources */,
				3805094226F8B1BD00E3A84C /* TunerAppTests.swift in Sources */,
			);
			runOnlyForDeploymentPostprocessing = 0;
		};
		3805094426F8B1BD00E3A84C /* Sources */ = {
			isa = PBXSourcesBuildPhase;
			buildActionMask = 2147483647;
			files = (
				3805094D26F8B1BD00E3A84C /* TunerAppUITests.swift in Sources */,
			);
			runOnlyForDeploymentPostprocessing = 0;
		};
/* End PBXSourcesBuildPhase section */

/* Begin PBXTargetDependency section */
		3805093F26F8B1BD00E3A84C /* PBXTargetDependency */ = {
			isa = PBXTargetDependency;
			target = 3805092B26F8B1BB00E3A84C /* TunerApp */;
			targetProxy = 3805093E26F8B1BD00E3A84C /* PBXContainerItemProxy */;
		};
		3805094A26F8B1BD00E3A84C /* PBXTargetDependency */ = {
			isa = PBXTargetDependency;
			target = 3805092B26F8B1BB00E3A84C /* TunerApp */;
			targetProxy = 3805094926F8B1BD00E3A84C /* PBXContainerItemProxy */;
		};
/* End PBXTargetDependency section */

/* Begin XCBuildConfiguration section */
		3805094F26F8B1BD00E3A84C /* Debug */ = {
			isa = XCBuildConfiguration;
			buildSettings = {
				ALWAYS_SEARCH_USER_PATHS = NO;
				CLANG_ANALYZER_NONNULL = YES;
				CLANG_ANALYZER_NUMBER_OBJECT_CONVERSION = YES_AGGRESSIVE;
				CLANG_CXX_LANGUAGE_STANDARD = "gnu++14";
				CLANG_CXX_LIBRARY = "libc++";
				CLANG_ENABLE_MODULES = YES;
				CLANG_ENABLE_OBJC_ARC = YES;
				CLANG_ENABLE_OBJC_WEAK = YES;
				CLANG_WARN_BLOCK_CAPTURE_AUTORELEASING = YES;
				CLANG_WARN_BOOL_CONVERSION = YES;
				CLANG_WARN_COMMA = YES;
				CLANG_WARN_CONSTANT_CONVERSION = YES;
				CLANG_WARN_DEPRECATED_OBJC_IMPLEMENTATIONS = YES;
				CLANG_WARN_DIRECT_OBJC_ISA_USAGE = YES_ERROR;
				CLANG_WARN_DOCUMENTATION_COMMENTS = YES;
				CLANG_WARN_EMPTY_BODY = YES;
				CLANG_WARN_ENUM_CONVERSION = YES;
				CLANG_WARN_INFINITE_RECURSION = YES;
				CLANG_WARN_INT_CONVERSION = YES;
				CLANG_WARN_NON_LITERAL_NULL_CONVERSION = YES;
				CLANG_WARN_OBJC_IMPLICIT_RETAIN_SELF = YES;
				CLANG_WARN_OBJC_LITERAL_CONVERSION = YES;
				CLANG_WARN_OBJC_ROOT_CLASS = YES_ERROR;
				CLANG_WARN_QUOTED_INCLUDE_IN_FRAMEWORK_HEADER = YES;
				CLANG_WARN_RANGE_LOOP_ANALYSIS = YES;
				CLANG_WARN_STRICT_PROTOTYPES = YES;
				CLANG_WARN_SUSPICIOUS_MOVE = YES;
				CLANG_WARN_UNGUARDED_AVAILABILITY = YES_AGGRESSIVE;
				CLANG_WARN_UNREACHABLE_CODE = YES;
				CLANG_WARN__DUPLICATE_METHOD_MATCH = YES;
				COPY_PHASE_STRIP = NO;
				DEBUG_INFORMATION_FORMAT = dwarf;
				ENABLE_STRICT_OBJC_MSGSEND = YES;
				ENABLE_TESTABILITY = YES;
				GCC_C_LANGUAGE_STANDARD = gnu11;
				GCC_DYNAMIC_NO_PIC = NO;
				GCC_NO_COMMON_BLOCKS = YES;
				GCC_OPTIMIZATION_LEVEL = 0;
				GCC_PREPROCESSOR_DEFINITIONS = (
					"DEBUG=1",
					"$(inherited)",
				);
				GCC_WARN_64_TO_32_BIT_CONVERSION = YES;
				GCC_WARN_ABOUT_RETURN_TYPE = YES_ERROR;
				GCC_WARN_UNDECLARED_SELECTOR = YES;
				GCC_WARN_UNINITIALIZED_AUTOS = YES_AGGRESSIVE;
				GCC_WARN_UNUSED_FUNCTION = YES;
				GCC_WARN_UNUSED_VARIABLE = YES;
				IPHONEOS_DEPLOYMENT_TARGET = 14.4;
				MTL_ENABLE_DEBUG_INFO = INCLUDE_SOURCE;
				MTL_FAST_MATH = YES;
				ONLY_ACTIVE_ARCH = YES;
				SDKROOT = iphoneos;
				SWIFT_ACTIVE_COMPILATION_CONDITIONS = DEBUG;
				SWIFT_OPTIMIZATION_LEVEL = "-Onone";
			};
			name = Debug;
		};
		3805095026F8B1BD00E3A84C /* Release */ = {
			isa = XCBuildConfiguration;
			buildSettings = {
				ALWAYS_SEARCH_USER_PATHS = NO;
				CLANG_ANALYZER_NONNULL = YES;
				CLANG_ANALYZER_NUMBER_OBJECT_CONVERSION = YES_AGGRESSIVE;
				CLANG_CXX_LANGUAGE_STANDARD = "gnu++14";
				CLANG_CXX_LIBRARY = "libc++";
				CLANG_ENABLE_MODULES = YES;
				CLANG_ENABLE_OBJC_ARC = YES;
				CLANG_ENABLE_OBJC_WEAK = YES;
				CLANG_WARN_BLOCK_CAPTURE_AUTORELEASING = YES;
				CLANG_WARN_BOOL_CONVERSION = YES;
				CLANG_WARN_COMMA = YES;
				CLANG_WARN_CONSTANT_CONVERSION = YES;
				CLANG_WARN_DEPRECATED_OBJC_IMPLEMENTATIONS = YES;
				CLANG_WARN_DIRECT_OBJC_ISA_USAGE = YES_ERROR;
				CLANG_WARN_DOCUMENTATION_COMMENTS = YES;
				CLANG_WARN_EMPTY_BODY = YES;
				CLANG_WARN_ENUM_CONVERSION = YES;
				CLANG_WARN_INFINITE_RECURSION = YES;
				CLANG_WARN_INT_CONVERSION = YES;
				CLANG_WARN_NON_LITERAL_NULL_CONVERSION = YES;
				CLANG_WARN_OBJC_IMPLICIT_RETAIN_SELF = YES;
				CLANG_WARN_OBJC_LITERAL_CONVERSION = YES;
				CLANG_WARN_OBJC_ROOT_CLASS = YES_ERROR;
				CLANG_WARN_QUOTED_INCLUDE_IN_FRAMEWORK_HEADER = YES;
				CLANG_WARN_RANGE_LOOP_ANALYSIS = YES;
				CLANG_WARN_STRICT_PROTOTYPES = YES;
				CLANG_WARN_SUSPICIOUS_MOVE = YES;
				CLANG_WARN_UNGUARDED_AVAILABILITY = YES_AGGRESSIVE;
				CLANG_WARN_UNREACHABLE_CODE = YES;
				CLANG_WARN__DUPLICATE_METHOD_MATCH = YES;
				COPY_PHASE_STRIP = NO;
				DEBUG_INFORMATION_FORMAT = "dwarf-with-dsym";
				ENABLE_NS_ASSERTIONS = NO;
				ENABLE_STRICT_OBJC_MSGSEND = YES;
				GCC_C_LANGUAGE_STANDARD = gnu11;
				GCC_NO_COMMON_BLOCKS = YES;
				GCC_WARN_64_TO_32_BIT_CONVERSION = YES;
				GCC_WARN_ABOUT_RETURN_TYPE = YES_ERROR;
				GCC_WARN_UNDECLARED_SELECTOR = YES;
				GCC_WARN_UNINITIALIZED_AUTOS = YES_AGGRESSIVE;
				GCC_WARN_UNUSED_FUNCTION = YES;
				GCC_WARN_UNUSED_VARIABLE = YES;
				IPHONEOS_DEPLOYMENT_TARGET = 14.4;
				MTL_ENABLE_DEBUG_INFO = NO;
				MTL_FAST_MATH = YES;
				SDKROOT = iphoneos;
				SWIFT_COMPILATION_MODE = wholemodule;
				SWIFT_OPTIMIZATION_LEVEL = "-O";
				VALIDATE_PRODUCT = YES;
			};
			name = Release;
		};
		3805095226F8B1BD00E3A84C /* Debug */ = {
			isa = XCBuildConfiguration;
			buildSettings = {
				ASSETCATALOG_COMPILER_APPICON_NAME = AppIcon;
				ASSETCATALOG_COMPILER_GLOBAL_ACCENT_COLOR_NAME = AccentColor;
				CODE_SIGN_STYLE = Automatic;
				DEVELOPMENT_ASSET_PATHS = "\"TunerApp/Preview Content\"";
				ENABLE_PREVIEWS = YES;
				INFOPLIST_FILE = TunerApp/Info.plist;
				IPHONEOS_DEPLOYMENT_TARGET = 14.0;
				LD_RUNPATH_SEARCH_PATHS = (
					"$(inherited)",
					"@executable_path/Frameworks",
				);
				PRODUCT_BUNDLE_IDENTIFIER = com.akshaykhemaney.TunerApp;
				PRODUCT_NAME = "$(TARGET_NAME)";
				SWIFT_VERSION = 5.0;
				TARGETED_DEVICE_FAMILY = "1,2";
			};
			name = Debug;
		};
		3805095326F8B1BD00E3A84C /* Release */ = {
			isa = XCBuildConfiguration;
			buildSettings = {
				ASSETCATALOG_COMPILER_APPICON_NAME = AppIcon;
				ASSETCATALOG_COMPILER_GLOBAL_ACCENT_COLOR_NAME = AccentColor;
				CODE_SIGN_STYLE = Automatic;
				DEVELOPMENT_ASSET_PATHS = "\"TunerApp/Preview Content\"";
				ENABLE_PREVIEWS = YES;
				INFOPLIST_FILE = TunerApp/Info.plist;
				IPHONEOS_DEPLOYMENT_TARGET = 14.0;
				LD_RUNPATH_SEARCH_PATHS = (
					"$(inherited)",
					"@executable_path/Frameworks",
				);
				PRODUCT_BUNDLE_IDENTIFIER = com.akshaykhemaney.TunerApp;
				PRODUCT_NAME = "$(TARGET_NAME)";
				SWIFT_VERSION = 5.0;
				TARGETED_DEVICE_FAMILY = "1,2";
			};
			name = Release;
		};
		3805095526F8B1BD00E3A84C /* Debug */ = {
			isa = XCBuildConfiguration;
			buildSettings = {
				ALWAYS_EMBED_SWIFT_STANDARD_LIBRARIES = YES;
				BUNDLE_LOADER = "$(TEST_HOST)";
				CODE_SIGN_STYLE = Automatic;
				INFOPLIST_FILE = TunerAppTests/Info.plist;
				IPHONEOS_DEPLOYMENT_TARGET = 14.0;
				LD_RUNPATH_SEARCH_PATHS = (
					"$(inherited)",
					"@executable_path/Frameworks",
					"@loader_path/Frameworks",
				);
				PRODUCT_BUNDLE_IDENTIFIER = com.akshaykhemaney.TunerAppTests;
				PRODUCT_NAME = "$(TARGET_NAME)";
				SWIFT_VERSION = 5.0;
				TARGETED_DEVICE_FAMILY = "1,2";
				TEST_HOST = "$(BUILT_PRODUCTS_DIR)/TunerApp.app/TunerApp";
			};
			name = Debug;
		};
		3805095626F8B1BD00E3A84C /* Release */ = {
			isa = XCBuildConfiguration;
			buildSettings = {
				ALWAYS_EMBED_SWIFT_STANDARD_LIBRARIES = YES;
				BUNDLE_LOADER = "$(TEST_HOST)";
				CODE_SIGN_STYLE = Automatic;
				INFOPLIST_FILE = TunerAppTests/Info.plist;
				IPHONEOS_DEPLOYMENT_TARGET = 14.0;
				LD_RUNPATH_SEARCH_PATHS = (
					"$(inherited)",
					"@executable_path/Frameworks",
					"@loader_path/Frameworks",
				);
				PRODUCT_BUNDLE_IDENTIFIER = com.akshaykhemaney.TunerAppTests;
				PRODUCT_NAME = "$(TARGET_NAME)";
				SWIFT_VERSION = 5.0;
				TARGETED_DEVICE_FAMILY = "1,2";
				TEST_HOST = "$(BUILT_PRODUCTS_DIR)/TunerApp.app/TunerApp";
			};
			name = Release;
		};
		3805095826F8B1BD00E3A84C /* Debug */ = {
			isa = XCBuildConfiguration;
			buildSettings = {
				ALWAYS_EMBED_SWIFT_STANDARD_LIBRARIES = YES;
				CODE_SIGN_STYLE = Automatic;
				INFOPLIST_FILE = TunerAppUITests/Info.plist;
				LD_RUNPATH_SEARCH_PATHS = (
					"$(inherited)",
					"@executable_path/Frameworks",
					"@loader_path/Frameworks",
				);
				PRODUCT_BUNDLE_IDENTIFIER = com.akshaykhemaney.TunerAppUITests;
				PRODUCT_NAME = "$(TARGET_NAME)";
				SWIFT_VERSION = 5.0;
				TARGETED_DEVICE_FAMILY = "1,2";
				TEST_TARGET_NAME = TunerApp;
			};
			name = Debug;
		};
		3805095926F8B1BD00E3A84C /* Release */ = {
			isa = XCBuildConfiguration;
			buildSettings = {
				ALWAYS_EMBED_SWIFT_STANDARD_LIBRARIES = YES;
				CODE_SIGN_STYLE = Automatic;
				INFOPLIST_FILE = TunerAppUITests/Info.plist;
				LD_RUNPATH_SEARCH_PATHS = (
					"$(inherited)",
					"@executable_path/Frameworks",
					"@loader_path/Frameworks",
				);
				PRODUCT_BUNDLE_IDENTIFIER = com.akshaykhemaney.TunerAppUITests;
				PRODUCT_NAME = "$(TARGET_NAME)";
				SWIFT_VERSION = 5.0;
				TARGETED_DEVICE_FAMILY = "1,2";
				TEST_TARGET_NAME = TunerApp;
			};
			name = Release;
		};
/* End XCBuildConfiguration section */

/* Begin XCConfigurationList section */
		3805092726F8B1BB00E3A84C /* Build configuration list for PBXProject "TunerApp" */ = {
			isa = XCConfigurationList;
			buildConfigurations = (
				3805094F26F8B1BD00E3A84C /* Debug */,
				3805095026F8B1BD00E3A84C /* Release */,
			);
			defaultConfigurationIsVisible = 0;
			defaultConfigurationName = Release;
		};
		3805095126F8B1BD00E3A84C /* Build configuration list for PBXNativeTarget "TunerApp" */ = {
			isa = XCConfigurationList;
			buildConfigurations = (
				3805095226F8B1BD00E3A84C /* Debug */,
				3805095326F8B1BD00E3A84C /* Release */,
			);
			defaultConfigurationIsVisible = 0;
			defaultConfigurationName = Release;
		};
		3805095426F8B1BD00E3A84C /* Build configuration list for PBXNativeTarget "TunerAppTests" */ = {
			isa = XCConfigurationList;
			buildConfigurations = (
				3805095526F8B1BD00E3A84C /* Debug */,
				3805095626F8B1BD00E3A84C /* Release */,
			);
			defaultConfigurationIsVisible = 0;
			defaultConfigurationName = Release;
		};
		3805095726F8B1BD00E3A84C /* Build configuration list for PBXNativeTarget "TunerAppUITests" */ = {
			isa = XCConfigurationList;
			buildConfigurations = (
				3805095826F8B1BD00E3A84C /* Debug */,
				3805095926F8B1BD00E3A84C /* Release */,
			);
			defaultConfigurationIsVisible = 0;
			defaultConfigurationName = Release;
		};
/* End XCConfigurationList section */

/* Begin XCRemoteSwiftPackageReference section */
		3805095D26F8B1E000E3A84C /* XCRemoteSwiftPackageReference "SoundpipeAudioKit" */ = {
			isa = XCRemoteSwiftPackageReference;
			repositoryURL = "https://github.com/AudioKit/SoundpipeAudioKit/";
			requirement = {
				kind = upToNextMajorVersion;
				minimumVersion = 5.2.1;
			};
		};
/* End XCRemoteSwiftPackageReference section */

/* Begin XCSwiftPackageProductDependency section */
		3805095E26F8B1E000E3A84C /* SoundpipeAudioKit */ = {
			isa = XCSwiftPackageProductDependency;
			package = 3805095D26F8B1E000E3A84C /* XCRemoteSwiftPackageReference "SoundpipeAudioKit" */;
			productName = SoundpipeAudioKit;
		};
/* End XCSwiftPackageProductDependency section */
	};
	rootObject = 3805092426F8B1BB00E3A84C /* Project object */;
}
